
Microsoft Visual Studio Solution File, Format Version 12.00
# Visual Studio Version 16
VisualStudioVersion = 16.0.30717.126
MinimumVisualStudioVersion = 10.0.40219.1
Project("{FAE04EC0-301F-11D3-BF4B-00C04F79EFBC}") = "ExcelToKompas", "ExcelToKompas\ExcelToKompas.csproj", "{731598DE-19A9-4861-AC97-3855B3F43321}"
EndProject
Global
	GlobalSection(SolutionConfigurationPlatforms) = preSolution
		Debug|Any CPU = Debug|Any CPU
		Release|Any CPU = Release|Any CPU
	EndGlobalSection
	GlobalSection(ProjectConfigurationPlatforms) = postSolution
		{731598DE-19A9-4861-AC97-3855B3F43321}.Debug|Any CPU.ActiveCfg = Debug|Any CPU
		{731598DE-19A9-4861-AC97-3855B3F43321}.Debug|Any CPU.Build.0 = Debug|Any CPU
		{731598DE-19A9-4861-AC97-3855B3F43321}.Release|Any CPU.ActiveCfg = Release|Any CPU
		{731598DE-19A9-4861-AC97-3855B3F43321}.Release|Any CPU.Build.0 = Release|Any CPU
	EndGlobalSection
	GlobalSection(SolutionProperties) = preSolution
		HideSolutionNode = FALSE
	EndGlobalSection
	GlobalSection(ExtensibilityGlobals) = postSolution
		SolutionGuid = {724540E5-0260-4A3B-BF51-4CE375D7D2E3}
	EndGlobalSection
EndGlobal
